{
  "name": "app",
  "lockfileVersion": 2,
  "requires": true,
  "packages": {
    "": {
      "name": "app",
      "dependencies": {
        "@rails/ujs": "^7.1.3-4",
        "pinch-zoom-js": "^2.3.5"
      }
    },
    "node_modules/@rails/ujs": {
      "version": "7.1.3-4",
      "resolved": "https://registry.npmjs.org/@rails/ujs/-/ujs-7.1.3-4.tgz",
      "integrity": "sha512-z0ckI5jrAJfImcObjMT1RBz2IxH6I5q6ZTMFex6AfxSQKZuuL8JxAXvg2CvBuodGCxKvybFVolDyMHXlBLeYAA=="
    },
    "node_modules/pinch-zoom-js": {
      "version": "2.3.5",
      "resolved": "https://registry.npmjs.org/pinch-zoom-js/-/pinch-zoom-js-2.3.5.tgz",
      "integrity": "sha512-/fydIbmKTbVFINRTd/YytTADpmUBX54K+UEjpACiFN7JT1PkzffcZak8Mabx8o0hbzTsYmaDRmN/89t2U55oTw=="
    }
  },
  "dependencies": {
    "@rails/ujs": {
      "version": "7.1.3-4",
      "resolved": "https://registry.npmjs.org/@rails/ujs/-/ujs-7.1.3-4.tgz",
      "integrity": "sha512-z0ckI5jrAJfImcObjMT1RBz2IxH6I5q6ZTMFex6AfxSQKZuuL8JxAXvg2CvBuodGCxKvybFVolDyMHXlBLeYAA=="
    },
    "pinch-zoom-js": {
      "version": "2.3.5",
      "resolved": "https://registry.npmjs.org/pinch-zoom-js/-/pinch-zoom-js-2.3.5.tgz",
      "integrity": "sha512-/fydIbmKTbVFINRTd/YytTADpmUBX54K+UEjpACiFN7JT1PkzffcZak8Mabx8o0hbzTsYmaDRmN/89t2U55oTw=="
    }
  }
}
